PODS:
  - CHCSVParser (2.1.0)
  - Keys (1.0.1)

DEPENDENCIES:
  - CHCSVParser
  - Keys (from `Pods/CocoaPodsKeys`)

SPEC REPOS:
  https://github.com/cocoapods/specs.git:
    - CHCSVParser

EXTERNAL SOURCES:
  Keys:
    :path: Pods/CocoaPodsKeys

SPEC CHECKSUMS:
  CHCSVParser: 3bcc7bdb72111a31222e95d57eacceefe4e537e8
  Keys: a576f4c9c1c641ca913a959a9c62ed3f215a8de9

PODFILE CHECKSUM: 0dc902ddc8a5f188e86c91663a2b59e6c390c21a

COCOAPODS: 1.6.1
